{
  "name": "ngx-markdown-editor",
  "version": "1.0.0",
  "lockfileVersion": 1,
  "dependencies": {
    "@angular/core": {
      "version": "4.2.5",
      "resolved": "http://registry.npm.taobao.org/@angular/core/download/@angular/core-4.2.5.tgz",
      "integrity": "sha1-YcG1iFwmIzLXN/vg9dcRUXWahGQ=",
      "dev": true
    },
    "@angular/forms": {
      "version": "4.2.5",
      "resolved": "http://registry.npm.taobao.org/@angular/forms/download/@angular/forms-4.2.5.tgz",
      "integrity": "sha1-p+VcjR9aToU37+Ht14NOSh9ZxuQ=",
      "dev": true
    },
    "tslib": {
      "version": "1.7.1",
      "resolved": "http://registry.npm.taobao.org/tslib/download/tslib-1.7.1.tgz",
      "integrity": "sha1-vIAEFkaRkjp5/oN4u+s9ogF1OOw=",
      "dev": true
    }
  }
}
